
Microsoft Visual Studio Solution File, Format Version 12.00
# Visual Studio Version 16
VisualStudioVersion = 16.0.31321.278
MinimumVisualStudioVersion = 10.0.40219.1
Project("{9A19103F-16F7-4668-BE54-9A1E7A4F7556}") = "FisherYatesWebApp", "FisherYatesWebApp\FisherYatesWebApp.csproj", "{1FAC5E75-F0D7-4B87-B49B-37F565FB054D}"
EndProject
Project("{9A19103F-16F7-4668-BE54-9A1E7A4F7556}") = "FisherYates.Data", "FisherYates.Data\FisherYates.Data.csproj", "{16BEF1D6-1379-444B-8C0B-1EE29B0E0D72}"
EndProject
Project("{9A19103F-16F7-4668-BE54-9A1E7A4F7556}") = "FisherYates.Tests", "FisherYates.Tests\FisherYates.Tests.csproj", "{58768CD1-2538-418A-A6D9-FE689C01A8EB}"
EndProject
Project("{2150E333-8FDC-42A3-9474-1A3956D46DE8}") = "Solution Items", "Solution Items", "{4C8B9952-4F65-4300-9AE6-811FFFDF96BE}"
	ProjectSection(SolutionItems) = preProject
		readme.md = readme.md
	EndProjectSection
EndProject
Global
	GlobalSection(SolutionConfigurationPlatforms) = preSolution
		Debug|Any CPU = Debug|Any CPU
		Release|Any CPU = Release|Any CPU
	EndGlobalSection
	GlobalSection(ProjectConfigurationPlatforms) = postSolution
		{1FAC5E75-F0D7-4B87-B49B-37F565FB054D}.Debug|Any CPU.ActiveCfg = Debug|Any CPU
		{1FAC5E75-F0D7-4B87-B49B-37F565FB054D}.Debug|Any CPU.Build.0 = Debug|Any CPU
		{1FAC5E75-F0D7-4B87-B49B-37F565FB054D}.Release|Any CPU.ActiveCfg = Release|Any CPU
		{1FAC5E75-F0D7-4B87-B49B-37F565FB054D}.Release|Any CPU.Build.0 = Release|Any CPU
		{16BEF1D6-1379-444B-8C0B-1EE29B0E0D72}.Debug|Any CPU.ActiveCfg = Debug|Any CPU
		{16BEF1D6-1379-444B-8C0B-1EE29B0E0D72}.Debug|Any CPU.Build.0 = Debug|Any CPU
		{16BEF1D6-1379-444B-8C0B-1EE29B0E0D72}.Release|Any CPU.ActiveCfg = Release|Any CPU
		{16BEF1D6-1379-444B-8C0B-1EE29B0E0D72}.Release|Any CPU.Build.0 = Release|Any CPU
		{58768CD1-2538-418A-A6D9-FE689C01A8EB}.Debug|Any CPU.ActiveCfg = Debug|Any CPU
		{58768CD1-2538-418A-A6D9-FE689C01A8EB}.Debug|Any CPU.Build.0 = Debug|Any CPU
		{58768CD1-2538-418A-A6D9-FE689C01A8EB}.Release|Any CPU.ActiveCfg = Release|Any CPU
		{58768CD1-2538-418A-A6D9-FE689C01A8EB}.Release|Any CPU.Build.0 = Release|Any CPU
	EndGlobalSection
	GlobalSection(SolutionProperties) = preSolution
		HideSolutionNode = FALSE
	EndGlobalSection
	GlobalSection(ExtensibilityGlobals) = postSolution
		SolutionGuid = {AC57A975-4557-4BEB-B445-E93D2AAAD494}
	EndGlobalSection
EndGlobal
